<Solution>
  <Folder Name="/Back-End/" />
  <Folder Name="/Back-End/1.WebApi/">
    <Project Path="Back-End/1.WebApi/Dockerize.WebApi/Dockerize.WebApi.csproj" Id="93417243-b58b-40ba-a829-cf0b49649ce6" />
  </Folder>
  <Folder Name="/Back-End/2.RazorApp/">
    <Project Path="Back-End/2.RazorApp/Dockerize.RazorApp/Dockerize.RazorApp.csproj" Id="1506c913-57f7-48cc-a743-054d07c7c569" />
  </Folder>
  <Folder Name="/Front-End/" />
  <Folder Name="/Front-End/1.AngularClient/" />
  <Folder Name="/Front-End/2.ReactClient/" />
  <Folder Name="/Front-End/3.BlazorClient/">
    <Project Path="Front-End/3.BlazorClient/BlazorClientApp.csproj" />
  </Folder>
  <Folder Name="/Full-Stack/" />
  <Folder Name="/Full-Stack/1.Monolithic-Arch/">
    <Project Path="Full-Stack/1.Monolithic-Arch/Dockerize.MonoArch.Utils/Dockerize.MonoArch.Utils.csproj" Id="9b86a259-d916-4ee6-a8d8-1c2c72e54d3b" />
    <Project Path="Full-Stack/1.Monolithic-Arch/Dockerize.MonoArch/Dockerize.MonoArch.csproj" Id="07a5cbe4-563b-4a4e-bad3-a93c958bd126" />
  </Folder>
  <Folder Name="/Full-Stack/2.Layered-Arch/" />
  <Folder Name="/Full-Stack/3.Clean-Arch/" />
  <Folder Name="/Full-Stack/4.Microservice-Arch/" />
</Solution>
